
Microsoft Visual Studio Solution File, Format Version 12.00
# Visual Studio Version 16
VisualStudioVersion = 16.0.28803.202
MinimumVisualStudioVersion = 10.0.40219.1
Project("{FAE04EC0-301F-11D3-BF4B-00C04F79EFBC}") = "screenshot-windows", "screenshot-windows\screenshot-windows.csproj", "{9B334BC6-18A2-4358-AE1B-A23EAB91343C}"
EndProject
Global
	GlobalSection(SolutionConfigurationPlatforms) = preSolution
		Debug|Any CPU = Debug|Any CPU
		Release|Any CPU = Release|Any CPU
	EndGlobalSection
	GlobalSection(ProjectConfigurationPlatforms) = postSolution
		{9B334BC6-18A2-4358-AE1B-A23EAB91343C}.Debug|Any CPU.ActiveCfg = Debug|Any CPU
		{9B334BC6-18A2-4358-AE1B-A23EAB91343C}.Debug|Any CPU.Build.0 = Debug|Any CPU
		{9B334BC6-18A2-4358-AE1B-A23EAB91343C}.Release|Any CPU.ActiveCfg = Release|Any CPU
		{9B334BC6-18A2-4358-AE1B-A23EAB91343C}.Release|Any CPU.Build.0 = Release|Any CPU
	EndGlobalSection
	GlobalSection(SolutionProperties) = preSolution
		HideSolutionNode = FALSE
	EndGlobalSection
	GlobalSection(ExtensibilityGlobals) = postSolution
		SolutionGuid = {9C6B818D-5E20-42E0-A07F-92EE44F491E1}
	EndGlobalSection
EndGlobal
