
Microsoft Visual Studio Solution File, Format Version 12.00
# Visual Studio Version 16
VisualStudioVersion = 16.0.28803.202
MinimumVisualStudioVersion = 10.0.40219.1
Project("{FAE04EC0-301F-11D3-BF4B-00C04F79EFBC}") = "wf_capture", "wf_capture\wf_capture.csproj", "{50D98937-E7BA-4255-AC62-AD64B7056CCC}"
EndProject
Global
	GlobalSection(SolutionConfigurationPlatforms) = preSolution
		Debug|Any CPU = Debug|Any CPU
		Release|Any CPU = Release|Any CPU
	EndGlobalSection
	GlobalSection(ProjectConfigurationPlatforms) = postSolution
		{50D98937-E7BA-4255-AC62-AD64B7056CCC}.Debug|Any CPU.ActiveCfg = Debug|Any CPU
		{50D98937-E7BA-4255-AC62-AD64B7056CCC}.Debug|Any CPU.Build.0 = Debug|Any CPU
		{50D98937-E7BA-4255-AC62-AD64B7056CCC}.Release|Any CPU.ActiveCfg = Release|Any CPU
		{50D98937-E7BA-4255-AC62-AD64B7056CCC}.Release|Any CPU.Build.0 = Release|Any CPU
	EndGlobalSection
	GlobalSection(SolutionProperties) = preSolution
		HideSolutionNode = FALSE
	EndGlobalSection
	GlobalSection(ExtensibilityGlobals) = postSolution
		SolutionGuid = {53D29867-144B-4070-BE23-37C10B69D368}
	EndGlobalSection
EndGlobal
